
Microsoft Visual Studio Solution File, Format Version 12.00
# Visual Studio 15
VisualStudioVersion = 15.0.28010.2041
MinimumVisualStudioVersion = 10.0.40219.1
Project("{D954291E-2A0B-460D-934E-DC6B0785DB48}") = "UnoBMIApp.Shared", "UnoBMIApp\UnoBMIApp.Shared\UnoBMIApp.Shared.shproj", "{6279C845-92F8-4333-AB99-3D213163593C}"
EndProject
Project("{FAE04EC0-301F-11D3-BF4B-00C04F79EFBC}") = "UnoBMIApp.Droid", "UnoBMIApp\UnoBMIApp.Droid\UnoBMIApp.Droid.csproj", "{053EF161-3578-4636-A283-63A2C74EE7AF}"
EndProject
Project("{FAE04EC0-301F-11D3-BF4B-00C04F79EFBC}") = "UnoBMIApp.iOS", "UnoBMIApp\UnoBMIApp.iOS\UnoBMIApp.iOS.csproj", "{1DE92EA0-2F5D-4312-BA9A-DB49E55E8DEC}"
EndProject
Project("{FAE04EC0-301F-11D3-BF4B-00C04F79EFBC}") = "UnoBMIApp.UWP", "UnoBMIApp\UnoBMIApp.UWP\UnoBMIApp.UWP.csproj", "{1587189B-AB8F-4DA6-B7EC-DD0F0EE0DBB3}"
EndProject
Project("{9A19103F-16F7-4668-BE54-9A1E7A4F7556}") = "UnoBMIApp.Wasm", "UnoBMIApp\UnoBMIApp.Wasm\UnoBMIApp.Wasm.csproj", "{48D89CA5-4901-44DF-BBE0-13B8537BDD21}"
EndProject
Global
	GlobalSection(SharedMSBuildProjectFiles) = preSolution
		UnoBMIApp\UnoBMIApp.Shared\UnoBMIApp.Shared.projitems*{053ef161-3578-4636-a283-63a2c74ee7af}*SharedItemsImports = 4
		UnoBMIApp\UnoBMIApp.Shared\UnoBMIApp.Shared.projitems*{1587189b-ab8f-4da6-b7ec-dd0f0ee0dbb3}*SharedItemsImports = 4
		UnoBMIApp\UnoBMIApp.Shared\UnoBMIApp.Shared.projitems*{1de92ea0-2f5d-4312-ba9a-db49e55e8dec}*SharedItemsImports = 4
		UnoBMIApp\UnoBMIApp.Shared\UnoBMIApp.Shared.projitems*{6279c845-92f8-4333-ab99-3d213163593c}*SharedItemsImports = 13
	EndGlobalSection
	GlobalSection(SolutionConfigurationPlatforms) = preSolution
		Ad-Hoc|Any CPU = Ad-Hoc|Any CPU
		Ad-Hoc|ARM = Ad-Hoc|ARM
		Ad-Hoc|iPhone = Ad-Hoc|iPhone
		Ad-Hoc|iPhoneSimulator = Ad-Hoc|iPhoneSimulator
		Ad-Hoc|x64 = Ad-Hoc|x64
		Ad-Hoc|x86 = Ad-Hoc|x86
		AppStore|Any CPU = AppStore|Any CPU
		AppStore|ARM = AppStore|ARM
		AppStore|iPhone = AppStore|iPhone
		AppStore|iPhoneSimulator = AppStore|iPhoneSimulator
		AppStore|x64 = AppStore|x64
		AppStore|x86 = AppStore|x86
		Debug|Any CPU = Debug|Any CPU
		Debug|ARM = Debug|ARM
		Debug|iPhone = Debug|iPhone
		Debug|iPhoneSimulator = Debug|iPhoneSimulator
		Debug|x64 = Debug|x64
		Debug|x86 = Debug|x86
		Release|Any CPU = Release|Any CPU
		Release|ARM = Release|ARM
		Release|iPhone = Release|iPhone
		Release|iPhoneSimulator = Release|iPhoneSimulator
		Release|x64 = Release|x64
		Release|x86 = Release|x86
	EndGlobalSection
	GlobalSection(ProjectConfigurationPlatforms) = postSolution
		{053EF161-3578-4636-A283-63A2C74EE7AF}.Ad-Hoc|Any CPU.ActiveCfg = Release|Any CPU
		{053EF161-3578-4636-A283-63A2C74EE7AF}.Ad-Hoc|Any CPU.Build.0 = Release|Any CPU
		{053EF161-3578-4636-A283-63A2C74EE7AF}.Ad-Hoc|Any CPU.Deploy.0 = Release|Any CPU
		{053EF161-3578-4636-A283-63A2C74EE7AF}.Ad-Hoc|ARM.ActiveCfg = Release|Any CPU
		{053EF161-3578-4636-A283-63A2C74EE7AF}.Ad-Hoc|ARM.Build.0 = Release|Any CPU
		{053EF161-3578-4636-A283-63A2C74EE7AF}.Ad-Hoc|ARM.Deploy.0 = Release|Any CPU
		{053EF161-3578-4636-A283-63A2C74EE7AF}.Ad-Hoc|iPhone.ActiveCfg = Release|Any CPU
		{053EF161-3578-4636-A283-63A2C74EE7AF}.Ad-Hoc|iPhone.Build.0 = Release|Any CPU
		{053EF161-3578-4636-A283-63A2C74EE7AF}.Ad-Hoc|iPhone.Deploy.0 = Release|Any CPU
		{053EF161-3578-4636-A283-63A2C74EE7AF}.Ad-Hoc|iPhoneSimulator.ActiveCfg = Release|Any CPU
		{053EF161-3578-4636-A283-63A2C74EE7AF}.Ad-Hoc|iPhoneSimulator.Build.0 = Release|Any CPU
		{053EF161-3578-4636-A283-63A2C74EE7AF}.Ad-Hoc|iPhoneSimulator.Deploy.0 = Release|Any CPU
		{053EF161-3578-4636-A283-63A2C74EE7AF}.Ad-Hoc|x64.ActiveCfg = Release|Any CPU
		{053EF161-3578-4636-A283-63A2C74EE7AF}.Ad-Hoc|x64.Build.0 = Release|Any CPU
		{053EF161-3578-4636-A283-63A2C74EE7AF}.Ad-Hoc|x64.Deploy.0 = Release|Any CPU
		{053EF161-3578-4636-A283-63A2C74EE7AF}.Ad-Hoc|x86.ActiveCfg = Release|Any CPU
		{053EF161-3578-4636-A283-63A2C74EE7AF}.Ad-Hoc|x86.Build.0 = Release|Any CPU
		{053EF161-3578-4636-A283-63A2C74EE7AF}.Ad-Hoc|x86.Deploy.0 = Release|Any CPU
		{053EF161-3578-4636-A283-63A2C74EE7AF}.AppStore|Any CPU.ActiveCfg = Release|Any CPU
		{053EF161-3578-4636-A283-63A2C74EE7AF}.AppStore|Any CPU.Build.0 = Release|Any CPU
		{053EF161-3578-4636-A283-63A2C74EE7AF}.AppStore|Any CPU.Deploy.0 = Release|Any CPU
		{053EF161-3578-4636-A283-63A2C74EE7AF}.AppStore|ARM.ActiveCfg = Release|Any CPU
		{053EF161-3578-4636-A283-63A2C74EE7AF}.AppStore|ARM.Build.0 = Release|Any CPU
		{053EF161-3578-4636-A283-63A2C74EE7AF}.AppStore|ARM.Deploy.0 = Release|Any CPU
		{053EF161-3578-4636-A283-63A2C74EE7AF}.AppStore|iPhone.ActiveCfg = Release|Any CPU
		{053EF161-3578-4636-A283-63A2C74EE7AF}.AppStore|iPhone.Build.0 = Release|Any CPU
		{053EF161-3578-4636-A283-63A2C74EE7AF}.AppStore|iPhone.Deploy.0 = Release|Any CPU
		{053EF161-3578-4636-A283-63A2C74EE7AF}.AppStore|iPhoneSimulator.ActiveCfg = Release|Any CPU
		{053EF161-3578-4636-A283-63A2C74EE7AF}.AppStore|iPhoneSimulator.Build.0 = Release|Any CPU
		{053EF161-3578-4636-A283-63A2C74EE7AF}.AppStore|iPhoneSimulator.Deploy.0 = Release|Any CPU
		{053EF161-3578-4636-A283-63A2C74EE7AF}.AppStore|x64.ActiveCfg = Release|Any CPU
		{053EF161-3578-4636-A283-63A2C74EE7AF}.AppStore|x64.Build.0 = Release|Any CPU
		{053EF161-3578-4636-A283-63A2C74EE7AF}.AppStore|x64.Deploy.0 = Release|Any CPU
		{053EF161-3578-4636-A283-63A2C74EE7AF}.AppStore|x86.ActiveCfg = Release|Any CPU
		{053EF161-3578-4636-A283-63A2C74EE7AF}.AppStore|x86.Build.0 = Release|Any CPU
		{053EF161-3578-4636-A283-63A2C74EE7AF}.AppStore|x86.Deploy.0 = Release|Any CPU
		{053EF161-3578-4636-A283-63A2C74EE7AF}.Debug|Any CPU.ActiveCfg = Debug|Any CPU
		{053EF161-3578-4636-A283-63A2C74EE7AF}.Debug|Any CPU.Build.0 = Debug|Any CPU
		{053EF161-3578-4636-A283-63A2C74EE7AF}.Debug|Any CPU.Deploy.0 = Debug|Any CPU
		{053EF161-3578-4636-A283-63A2C74EE7AF}.Debug|ARM.ActiveCfg = Debug|Any CPU
		{053EF161-3578-4636-A283-63A2C74EE7AF}.Debug|ARM.Build.0 = Debug|Any CPU
		{053EF161-3578-4636-A283-63A2C74EE7AF}.Debug|ARM.Deploy.0 = Debug|Any CPU
		{053EF161-3578-4636-A283-63A2C74EE7AF}.Debug|iPhone.ActiveCfg = Debug|Any CPU
		{053EF161-3578-4636-A283-63A2C74EE7AF}.Debug|iPhone.Build.0 = Debug|Any CPU
		{053EF161-3578-4636-A283-63A2C74EE7AF}.Debug|iPhone.Deploy.0 = Debug|Any CPU
		{053EF161-3578-4636-A283-63A2C74EE7AF}.Debug|iPhoneSimulator.ActiveCfg = Debug|Any CPU
		{053EF161-3578-4636-A283-63A2C74EE7AF}.Debug|iPhoneSimulator.Build.0 = Debug|Any CPU
		{053EF161-3578-4636-A283-63A2C74EE7AF}.Debug|iPhoneSimulator.Deploy.0 = Debug|Any CPU
		{053EF161-3578-4636-A283-63A2C74EE7AF}.Debug|x64.ActiveCfg = Debug|Any CPU
		{053EF161-3578-4636-A283-63A2C74EE7AF}.Debug|x64.Build.0 = Debug|Any CPU
		{053EF161-3578-4636-A283-63A2C74EE7AF}.Debug|x64.Deploy.0 = Debug|Any CPU
		{053EF161-3578-4636-A283-63A2C74EE7AF}.Debug|x86.ActiveCfg = Debug|Any CPU
		{053EF161-3578-4636-A283-63A2C74EE7AF}.Debug|x86.Build.0 = Debug|Any CPU
		{053EF161-3578-4636-A283-63A2C74EE7AF}.Debug|x86.Deploy.0 = Debug|Any CPU
		{053EF161-3578-4636-A283-63A2C74EE7AF}.Release|Any CPU.ActiveCfg = Release|Any CPU
		{053EF161-3578-4636-A283-63A2C74EE7AF}.Release|Any CPU.Build.0 = Release|Any CPU
		{053EF161-3578-4636-A283-63A2C74EE7AF}.Release|Any CPU.Deploy.0 = Release|Any CPU
		{053EF161-3578-4636-A283-63A2C74EE7AF}.Release|ARM.ActiveCfg = Release|Any CPU
		{053EF161-3578-4636-A283-63A2C74EE7AF}.Release|ARM.Build.0 = Release|Any CPU
		{053EF161-3578-4636-A283-63A2C74EE7AF}.Release|ARM.Deploy.0 = Release|Any CPU
		{053EF161-3578-4636-A283-63A2C74EE7AF}.Release|iPhone.ActiveCfg = Release|Any CPU
		{053EF161-3578-4636-A283-63A2C74EE7AF}.Release|iPhone.Build.0 = Release|Any CPU
		{053EF161-3578-4636-A283-63A2C74EE7AF}.Release|iPhone.Deploy.0 = Release|Any CPU
		{053EF161-3578-4636-A283-63A2C74EE7AF}.Release|iPhoneSimulator.ActiveCfg = Release|Any CPU
		{053EF161-3578-4636-A283-63A2C74EE7AF}.Release|iPhoneSimulator.Build.0 = Release|Any CPU
		{053EF161-3578-4636-A283-63A2C74EE7AF}.Release|iPhoneSimulator.Deploy.0 = Release|Any CPU
		{053EF161-3578-4636-A283-63A2C74EE7AF}.Release|x64.ActiveCfg = Release|Any CPU
		{053EF161-3578-4636-A283-63A2C74EE7AF}.Release|x64.Build.0 = Release|Any CPU
		{053EF161-3578-4636-A283-63A2C74EE7AF}.Release|x64.Deploy.0 = Release|Any CPU
		{053EF161-3578-4636-A283-63A2C74EE7AF}.Release|x86.ActiveCfg = Release|Any CPU
		{053EF161-3578-4636-A283-63A2C74EE7AF}.Release|x86.Build.0 = Release|Any CPU
		{053EF161-3578-4636-A283-63A2C74EE7AF}.Release|x86.Deploy.0 = Release|Any CPU
		{1DE92EA0-2F5D-4312-BA9A-DB49E55E8DEC}.Ad-Hoc|Any CPU.ActiveCfg = Ad-Hoc|iPhone
		{1DE92EA0-2F5D-4312-BA9A-DB49E55E8DEC}.Ad-Hoc|ARM.ActiveCfg = Ad-Hoc|iPhone
		{1DE92EA0-2F5D-4312-BA9A-DB49E55E8DEC}.Ad-Hoc|iPhone.ActiveCfg = Ad-Hoc|iPhone
		{1DE92EA0-2F5D-4312-BA9A-DB49E55E8DEC}.Ad-Hoc|iPhone.Build.0 = Ad-Hoc|iPhone
		{1DE92EA0-2F5D-4312-BA9A-DB49E55E8DEC}.Ad-Hoc|iPhoneSimulator.ActiveCfg = Ad-Hoc|iPhoneSimulator
		{1DE92EA0-2F5D-4312-BA9A-DB49E55E8DEC}.Ad-Hoc|iPhoneSimulator.Build.0 = Ad-Hoc|iPhoneSimulator
		{1DE92EA0-2F5D-4312-BA9A-DB49E55E8DEC}.Ad-Hoc|x64.ActiveCfg = Ad-Hoc|iPhone
		{1DE92EA0-2F5D-4312-BA9A-DB49E55E8DEC}.Ad-Hoc|x86.ActiveCfg = Ad-Hoc|iPhone
		{1DE92EA0-2F5D-4312-BA9A-DB49E55E8DEC}.AppStore|Any CPU.ActiveCfg = AppStore|iPhone
		{1DE92EA0-2F5D-4312-BA9A-DB49E55E8DEC}.AppStore|ARM.ActiveCfg = AppStore|iPhone
		{1DE92EA0-2F5D-4312-BA9A-DB49E55E8DEC}.AppStore|iPhone.ActiveCfg = AppStore|iPhone
		{1DE92EA0-2F5D-4312-BA9A-DB49E55E8DEC}.AppStore|iPhone.Build.0 = AppStore|iPhone
		{1DE92EA0-2F5D-4312-BA9A-DB49E55E8DEC}.AppStore|iPhoneSimulator.ActiveCfg = AppStore|iPhoneSimulator
		{1DE92EA0-2F5D-4312-BA9A-DB49E55E8DEC}.AppStore|iPhoneSimulator.Build.0 = AppStore|iPhoneSimulator
		{1DE92EA0-2F5D-4312-BA9A-DB49E55E8DEC}.AppStore|x64.ActiveCfg = AppStore|iPhone
		{1DE92EA0-2F5D-4312-BA9A-DB49E55E8DEC}.AppStore|x86.ActiveCfg = AppStore|iPhone
		{1DE92EA0-2F5D-4312-BA9A-DB49E55E8DEC}.Debug|Any CPU.ActiveCfg = Debug|iPhone
		{1DE92EA0-2F5D-4312-BA9A-DB49E55E8DEC}.Debug|ARM.ActiveCfg = Debug|iPhone
		{1DE92EA0-2F5D-4312-BA9A-DB49E55E8DEC}.Debug|iPhone.ActiveCfg = Debug|iPhone
		{1DE92EA0-2F5D-4312-BA9A-DB49E55E8DEC}.Debug|iPhone.Build.0 = Debug|iPhone
		{1DE92EA0-2F5D-4312-BA9A-DB49E55E8DEC}.Debug|iPhoneSimulator.ActiveCfg = Debug|iPhoneSimulator
		{1DE92EA0-2F5D-4312-BA9A-DB49E55E8DEC}.Debug|iPhoneSimulator.Build.0 = Debug|iPhoneSimulator
		{1DE92EA0-2F5D-4312-BA9A-DB49E55E8DEC}.Debug|x64.ActiveCfg = Debug|iPhone
		{1DE92EA0-2F5D-4312-BA9A-DB49E55E8DEC}.Debug|x86.ActiveCfg = Debug|iPhone
		{1DE92EA0-2F5D-4312-BA9A-DB49E55E8DEC}.Release|Any CPU.ActiveCfg = Release|iPhone
		{1DE92EA0-2F5D-4312-BA9A-DB49E55E8DEC}.Release|ARM.ActiveCfg = Release|iPhone
		{1DE92EA0-2F5D-4312-BA9A-DB49E55E8DEC}.Release|iPhone.ActiveCfg = Release|iPhone
		{1DE92EA0-2F5D-4312-BA9A-DB49E55E8DEC}.Release|iPhone.Build.0 = Release|iPhone
		{1DE92EA0-2F5D-4312-BA9A-DB49E55E8DEC}.Release|iPhoneSimulator.ActiveCfg = Release|iPhoneSimulator
		{1DE92EA0-2F5D-4312-BA9A-DB49E55E8DEC}.Release|iPhoneSimulator.Build.0 = Release|iPhoneSimulator
		{1DE92EA0-2F5D-4312-BA9A-DB49E55E8DEC}.Release|x64.ActiveCfg = Release|iPhone
		{1DE92EA0-2F5D-4312-BA9A-DB49E55E8DEC}.Release|x86.ActiveCfg = Release|iPhone
		{1587189B-AB8F-4DA6-B7EC-DD0F0EE0DBB3}.Ad-Hoc|Any CPU.ActiveCfg = Release|x64
		{1587189B-AB8F-4DA6-B7EC-DD0F0EE0DBB3}.Ad-Hoc|Any CPU.Build.0 = Release|x64
		{1587189B-AB8F-4DA6-B7EC-DD0F0EE0DBB3}.Ad-Hoc|Any CPU.Deploy.0 = Release|x64
		{1587189B-AB8F-4DA6-B7EC-DD0F0EE0DBB3}.Ad-Hoc|ARM.ActiveCfg = Release|ARM
		{1587189B-AB8F-4DA6-B7EC-DD0F0EE0DBB3}.Ad-Hoc|ARM.Build.0 = Release|ARM
		{1587189B-AB8F-4DA6-B7EC-DD0F0EE0DBB3}.Ad-Hoc|ARM.Deploy.0 = Release|ARM
		{1587189B-AB8F-4DA6-B7EC-DD0F0EE0DBB3}.Ad-Hoc|iPhone.ActiveCfg = Release|x64
		{1587189B-AB8F-4DA6-B7EC-DD0F0EE0DBB3}.Ad-Hoc|iPhone.Build.0 = Release|x64
		{1587189B-AB8F-4DA6-B7EC-DD0F0EE0DBB3}.Ad-Hoc|iPhone.Deploy.0 = Release|x64
		{1587189B-AB8F-4DA6-B7EC-DD0F0EE0DBB3}.Ad-Hoc|iPhoneSimulator.ActiveCfg = Release|x64
		{1587189B-AB8F-4DA6-B7EC-DD0F0EE0DBB3}.Ad-Hoc|iPhoneSimulator.Build.0 = Release|x64
		{1587189B-AB8F-4DA6-B7EC-DD0F0EE0DBB3}.Ad-Hoc|iPhoneSimulator.Deploy.0 = Release|x64
		{1587189B-AB8F-4DA6-B7EC-DD0F0EE0DBB3}.Ad-Hoc|x64.ActiveCfg = Release|x64
		{1587189B-AB8F-4DA6-B7EC-DD0F0EE0DBB3}.Ad-Hoc|x64.Build.0 = Release|x64
		{1587189B-AB8F-4DA6-B7EC-DD0F0EE0DBB3}.Ad-Hoc|x64.Deploy.0 = Release|x64
		{1587189B-AB8F-4DA6-B7EC-DD0F0EE0DBB3}.Ad-Hoc|x86.ActiveCfg = Release|x86
		{1587189B-AB8F-4DA6-B7EC-DD0F0EE0DBB3}.Ad-Hoc|x86.Build.0 = Release|x86
		{1587189B-AB8F-4DA6-B7EC-DD0F0EE0DBB3}.Ad-Hoc|x86.Deploy.0 = Release|x86
		{1587189B-AB8F-4DA6-B7EC-DD0F0EE0DBB3}.AppStore|Any CPU.ActiveCfg = Release|x64
		{1587189B-AB8F-4DA6-B7EC-DD0F0EE0DBB3}.AppStore|Any CPU.Build.0 = Release|x64
		{1587189B-AB8F-4DA6-B7EC-DD0F0EE0DBB3}.AppStore|Any CPU.Deploy.0 = Release|x64
		{1587189B-AB8F-4DA6-B7EC-DD0F0EE0DBB3}.AppStore|ARM.ActiveCfg = Release|ARM
		{1587189B-AB8F-4DA6-B7EC-DD0F0EE0DBB3}.AppStore|ARM.Build.0 = Release|ARM
		{1587189B-AB8F-4DA6-B7EC-DD0F0EE0DBB3}.AppStore|ARM.Deploy.0 = Release|ARM
		{1587189B-AB8F-4DA6-B7EC-DD0F0EE0DBB3}.AppStore|iPhone.ActiveCfg = Release|x64
		{1587189B-AB8F-4DA6-B7EC-DD0F0EE0DBB3}.AppStore|iPhone.Build.0 = Release|x64
		{1587189B-AB8F-4DA6-B7EC-DD0F0EE0DBB3}.AppStore|iPhone.Deploy.0 = Release|x64
		{1587189B-AB8F-4DA6-B7EC-DD0F0EE0DBB3}.AppStore|iPhoneSimulator.ActiveCfg = Release|x64
		{1587189B-AB8F-4DA6-B7EC-DD0F0EE0DBB3}.AppStore|iPhoneSimulator.Build.0 = Release|x64
		{1587189B-AB8F-4DA6-B7EC-DD0F0EE0DBB3}.AppStore|iPhoneSimulator.Deploy.0 = Release|x64
		{1587189B-AB8F-4DA6-B7EC-DD0F0EE0DBB3}.AppStore|x64.ActiveCfg = Release|x64
		{1587189B-AB8F-4DA6-B7EC-DD0F0EE0DBB3}.AppStore|x64.Build.0 = Release|x64
		{1587189B-AB8F-4DA6-B7EC-DD0F0EE0DBB3}.AppStore|x64.Deploy.0 = Release|x64
		{1587189B-AB8F-4DA6-B7EC-DD0F0EE0DBB3}.AppStore|x86.ActiveCfg = Release|x86
		{1587189B-AB8F-4DA6-B7EC-DD0F0EE0DBB3}.AppStore|x86.Build.0 = Release|x86
		{1587189B-AB8F-4DA6-B7EC-DD0F0EE0DBB3}.AppStore|x86.Deploy.0 = Release|x86
		{1587189B-AB8F-4DA6-B7EC-DD0F0EE0DBB3}.Debug|Any CPU.ActiveCfg = Debug|x86
		{1587189B-AB8F-4DA6-B7EC-DD0F0EE0DBB3}.Debug|ARM.ActiveCfg = Debug|ARM
		{1587189B-AB8F-4DA6-B7EC-DD0F0EE0DBB3}.Debug|ARM.Build.0 = Debug|ARM
		{1587189B-AB8F-4DA6-B7EC-DD0F0EE0DBB3}.Debug|ARM.Deploy.0 = Debug|ARM
		{1587189B-AB8F-4DA6-B7EC-DD0F0EE0DBB3}.Debug|iPhone.ActiveCfg = Debug|x86
		{1587189B-AB8F-4DA6-B7EC-DD0F0EE0DBB3}.Debug|iPhoneSimulator.ActiveCfg = Debug|x86
		{1587189B-AB8F-4DA6-B7EC-DD0F0EE0DBB3}.Debug|x64.ActiveCfg = Debug|x64
		{1587189B-AB8F-4DA6-B7EC-DD0F0EE0DBB3}.Debug|x64.Build.0 = Debug|x64
		{1587189B-AB8F-4DA6-B7EC-DD0F0EE0DBB3}.Debug|x64.Deploy.0 = Debug|x64
		{1587189B-AB8F-4DA6-B7EC-DD0F0EE0DBB3}.Debug|x86.ActiveCfg = Debug|x86
		{1587189B-AB8F-4DA6-B7EC-DD0F0EE0DBB3}.Debug|x86.Build.0 = Debug|x86
		{1587189B-AB8F-4DA6-B7EC-DD0F0EE0DBB3}.Debug|x86.Deploy.0 = Debug|x86
		{1587189B-AB8F-4DA6-B7EC-DD0F0EE0DBB3}.Release|Any CPU.ActiveCfg = Release|x86
		{1587189B-AB8F-4DA6-B7EC-DD0F0EE0DBB3}.Release|ARM.ActiveCfg = Release|ARM
		{1587189B-AB8F-4DA6-B7EC-DD0F0EE0DBB3}.Release|ARM.Build.0 = Release|ARM
		{1587189B-AB8F-4DA6-B7EC-DD0F0EE0DBB3}.Release|ARM.Deploy.0 = Release|ARM
		{1587189B-AB8F-4DA6-B7EC-DD0F0EE0DBB3}.Release|iPhone.ActiveCfg = Release|x86
		{1587189B-AB8F-4DA6-B7EC-DD0F0EE0DBB3}.Release|iPhoneSimulator.ActiveCfg = Release|x86
		{1587189B-AB8F-4DA6-B7EC-DD0F0EE0DBB3}.Release|x64.ActiveCfg = Release|x64
		{1587189B-AB8F-4DA6-B7EC-DD0F0EE0DBB3}.Release|x64.Build.0 = Release|x64
		{1587189B-AB8F-4DA6-B7EC-DD0F0EE0DBB3}.Release|x64.Deploy.0 = Release|x64
		{1587189B-AB8F-4DA6-B7EC-DD0F0EE0DBB3}.Release|x86.ActiveCfg = Release|x86
		{1587189B-AB8F-4DA6-B7EC-DD0F0EE0DBB3}.Release|x86.Build.0 = Release|x86
		{1587189B-AB8F-4DA6-B7EC-DD0F0EE0DBB3}.Release|x86.Deploy.0 = Release|x86
		{48D89CA5-4901-44DF-BBE0-13B8537BDD21}.Ad-Hoc|Any CPU.ActiveCfg = Debug|Any CPU
		{48D89CA5-4901-44DF-BBE0-13B8537BDD21}.Ad-Hoc|Any CPU.Build.0 = Debug|Any CPU
		{48D89CA5-4901-44DF-BBE0-13B8537BDD21}.Ad-Hoc|ARM.ActiveCfg = Debug|Any CPU
		{48D89CA5-4901-44DF-BBE0-13B8537BDD21}.Ad-Hoc|ARM.Build.0 = Debug|Any CPU
		{48D89CA5-4901-44DF-BBE0-13B8537BDD21}.Ad-Hoc|iPhone.ActiveCfg = Debug|Any CPU
		{48D89CA5-4901-44DF-BBE0-13B8537BDD21}.Ad-Hoc|iPhone.Build.0 = Debug|Any CPU
		{48D89CA5-4901-44DF-BBE0-13B8537BDD21}.Ad-Hoc|iPhoneSimulator.ActiveCfg = Debug|Any CPU
		{48D89CA5-4901-44DF-BBE0-13B8537BDD21}.Ad-Hoc|iPhoneSimulator.Build.0 = Debug|Any CPU
		{48D89CA5-4901-44DF-BBE0-13B8537BDD21}.Ad-Hoc|x64.ActiveCfg = Debug|Any CPU
		{48D89CA5-4901-44DF-BBE0-13B8537BDD21}.Ad-Hoc|x64.Build.0 = Debug|Any CPU
		{48D89CA5-4901-44DF-BBE0-13B8537BDD21}.Ad-Hoc|x86.ActiveCfg = Debug|Any CPU
		{48D89CA5-4901-44DF-BBE0-13B8537BDD21}.Ad-Hoc|x86.Build.0 = Debug|Any CPU
		{48D89CA5-4901-44DF-BBE0-13B8537BDD21}.AppStore|Any CPU.ActiveCfg = Debug|Any CPU
		{48D89CA5-4901-44DF-BBE0-13B8537BDD21}.AppStore|Any CPU.Build.0 = Debug|Any CPU
		{48D89CA5-4901-44DF-BBE0-13B8537BDD21}.AppStore|ARM.ActiveCfg = Debug|Any CPU
		{48D89CA5-4901-44DF-BBE0-13B8537BDD21}.AppStore|ARM.Build.0 = Debug|Any CPU
		{48D89CA5-4901-44DF-BBE0-13B8537BDD21}.AppStore|iPhone.ActiveCfg = Debug|Any CPU
		{48D89CA5-4901-44DF-BBE0-13B8537BDD21}.AppStore|iPhone.Build.0 = Debug|Any CPU
		{48D89CA5-4901-44DF-BBE0-13B8537BDD21}.AppStore|iPhoneSimulator.ActiveCfg = Debug|Any CPU
		{48D89CA5-4901-44DF-BBE0-13B8537BDD21}.AppStore|iPhoneSimulator.Build.0 = Debug|Any CPU
		{48D89CA5-4901-44DF-BBE0-13B8537BDD21}.AppStore|x64.ActiveCfg = Debug|Any CPU
		{48D89CA5-4901-44DF-BBE0-13B8537BDD21}.AppStore|x64.Build.0 = Debug|Any CPU
		{48D89CA5-4901-44DF-BBE0-13B8537BDD21}.AppStore|x86.ActiveCfg = Debug|Any CPU
		{48D89CA5-4901-44DF-BBE0-13B8537BDD21}.AppStore|x86.Build.0 = Debug|Any CPU
		{48D89CA5-4901-44DF-BBE0-13B8537BDD21}.Debug|Any CPU.ActiveCfg = Debug|Any CPU
		{48D89CA5-4901-44DF-BBE0-13B8537BDD21}.Debug|Any CPU.Build.0 = Debug|Any CPU
		{48D89CA5-4901-44DF-BBE0-13B8537BDD21}.Debug|ARM.ActiveCfg = Debug|Any CPU
		{48D89CA5-4901-44DF-BBE0-13B8537BDD21}.Debug|ARM.Build.0 = Debug|Any CPU
		{48D89CA5-4901-44DF-BBE0-13B8537BDD21}.Debug|iPhone.ActiveCfg = Debug|Any CPU
		{48D89CA5-4901-44DF-BBE0-13B8537BDD21}.Debug|iPhone.Build.0 = Debug|Any CPU
		{48D89CA5-4901-44DF-BBE0-13B8537BDD21}.Debug|iPhoneSimulator.ActiveCfg = Debug|Any CPU
		{48D89CA5-4901-44DF-BBE0-13B8537BDD21}.Debug|iPhoneSimulator.Build.0 = Debug|Any CPU
		{48D89CA5-4901-44DF-BBE0-13B8537BDD21}.Debug|x64.ActiveCfg = Debug|Any CPU
		{48D89CA5-4901-44DF-BBE0-13B8537BDD21}.Debug|x64.Build.0 = Debug|Any CPU
		{48D89CA5-4901-44DF-BBE0-13B8537BDD21}.Debug|x86.ActiveCfg = Debug|Any CPU
		{48D89CA5-4901-44DF-BBE0-13B8537BDD21}.Debug|x86.Build.0 = Debug|Any CPU
		{48D89CA5-4901-44DF-BBE0-13B8537BDD21}.Release|Any CPU.ActiveCfg = Release|Any CPU
		{48D89CA5-4901-44DF-BBE0-13B8537BDD21}.Release|Any CPU.Build.0 = Release|Any CPU
		{48D89CA5-4901-44DF-BBE0-13B8537BDD21}.Release|ARM.ActiveCfg = Release|Any CPU
		{48D89CA5-4901-44DF-BBE0-13B8537BDD21}.Release|ARM.Build.0 = Release|Any CPU
		{48D89CA5-4901-44DF-BBE0-13B8537BDD21}.Release|iPhone.ActiveCfg = Release|Any CPU
		{48D89CA5-4901-44DF-BBE0-13B8537BDD21}.Release|iPhone.Build.0 = Release|Any CPU
		{48D89CA5-4901-44DF-BBE0-13B8537BDD21}.Release|iPhoneSimulator.ActiveCfg = Release|Any CPU
		{48D89CA5-4901-44DF-BBE0-13B8537BDD21}.Release|iPhoneSimulator.Build.0 = Release|Any CPU
		{48D89CA5-4901-44DF-BBE0-13B8537BDD21}.Release|x64.ActiveCfg = Release|Any CPU
		{48D89CA5-4901-44DF-BBE0-13B8537BDD21}.Release|x64.Build.0 = Release|Any CPU
		{48D89CA5-4901-44DF-BBE0-13B8537BDD21}.Release|x86.ActiveCfg = Release|Any CPU
		{48D89CA5-4901-44DF-BBE0-13B8537BDD21}.Release|x86.Build.0 = Release|Any CPU
	EndGlobalSection
	GlobalSection(SolutionProperties) = preSolution
		HideSolutionNode = FALSE
	EndGlobalSection
	GlobalSection(ExtensibilityGlobals) = postSolution
		SolutionGuid = {789102E0-39F1-4B2F-94B8-B59C885867FB}
	EndGlobalSection
EndGlobal
